
Microsoft Visual Studio Solution File, Format Version 12.00
# Visual Studio Version 16
VisualStudioVersion = 16.0.30128.74
MinimumVisualStudioVersion = 10.0.40219.1
Project("{FAE04EC0-301F-11D3-BF4B-00C04F79EFBC}") = "BotTibia", "BotTibia\BotTibia.csproj", "{A685B606-B723-4533-A504-D26467180F44}"
EndProject
Global
	GlobalSection(SolutionConfigurationPlatforms) = preSolution
		Debug|Any CPU = Debug|Any CPU
		Release|Any CPU = Release|Any CPU
	EndGlobalSection
	GlobalSection(ProjectConfigurationPlatforms) = postSolution
		{A685B606-B723-4533-A504-D26467180F44}.Debug|Any CPU.ActiveCfg = Debug|Any CPU
		{A685B606-B723-4533-A504-D26467180F44}.Debug|Any CPU.Build.0 = Debug|Any CPU
		{A685B606-B723-4533-A504-D26467180F44}.Release|Any CPU.ActiveCfg = Release|Any CPU
		{A685B606-B723-4533-A504-D26467180F44}.Release|Any CPU.Build.0 = Release|Any CPU
	EndGlobalSection
	GlobalSection(SolutionProperties) = preSolution
		HideSolutionNode = FALSE
	EndGlobalSection
	GlobalSection(ExtensibilityGlobals) = postSolution
		SolutionGuid = {AD9FB3F1-ACD2-41D6-A7C5-B6ECC6C56932}
	EndGlobalSection
EndGlobal
